// !$*UTF8*$!
{
	archiveVersion = 1;
	classes = {
	};
	objectVersion = 50;
	objects = {

/* Begin PBXBuildFile section */
		CF239B0B268D43010078BC9A /* AppDelegate.swift in Sources */ = {isa = PBXBuildFile; fileRef = CF239B0A268D43010078BC9A /* AppDelegate.swift */; };
		CF239B0D268D43010078BC9A /* SceneDelegate.swift in Sources */ = {isa = PBXBuildFile; fileRef = CF239B0C268D43010078BC9A /* SceneDelegate.swift */; };
		CF239B0F268D43010078BC9A /* ViewController.swift in Sources */ = {isa = PBXBuildFile; fileRef = CF239B0E268D43010078BC9A /* ViewController.swift */; };
		CF239B12268D43010078BC9A /* Main.storyboard in Resources */ = {isa = PBXBuildFile; fileRef = CF239B10268D43010078BC9A /* Main.storyboard */; };
		CF239B14268D43040078BC9A /* Assets.xcassets in Resources */ = {isa = PBXBuildFile; fileRef = CF239B13268D43040078BC9A /* Assets.xcassets */; };
		CF239B17268D43040078BC9A /* LaunchScreen.storyboard in Resources */ = {isa = PBXBuildFile; fileRef = CF239B15268D43040078BC9A /* LaunchScreen.storyboard */; };
		CF239B22268D43040078BC9A /* RestaurantAppTests.swift in Sources */ = {isa = PBXBuildFile; fileRef = CF239B21268D43040078BC9A /* RestaurantAppTests.swift */; };
		CF239B2D268D43050078BC9A /* RestaurantAppUITests.swift in Sources */ = {isa = PBXBuildFile; fileRef = CF239B2C268D43050078BC9A /* RestaurantAppUITests.swift */; };
/* End PBXBuildFile section */

/* Begin PBXContainerItemProxy section */
		CF239B1E268D43040078BC9A /* PBXContainerItemProxy */ = {
			isa = PBXContainerItemProxy;
			containerPortal = CF239AFF268D43010078BC9A /* Project object */;
			proxyType = 1;
			remoteGlobalIDString = CF239B06268D43010078BC9A;
			remoteInfo = RestaurantApp;
		};
		CF239B29268D43050078BC9A /* PBXContainerItemProxy */ = {
			isa = PBXContainerItemProxy;
			containerPortal = CF239AFF268D43010078BC9A /* Project object */;
			proxyType = 1;
			remoteGlobalIDString = CF239B06268D43010078BC9A;
			remoteInfo = RestaurantApp;
		};
/* End PBXContainerItemProxy section */

/* Begin PBXFileReference section */
		CF239B07268D43010078BC9A /* RestaurantApp.app */ = {isa = PBXFileReference; explicitFileType = wrapper.application; includeInIndex = 0; path = RestaurantApp.app; sourceTree = BUILT_PRODUCTS_DIR; };
		CF239B0A268D43010078BC9A /* AppDelegate.swift */ = {isa = PBXFileReference; lastKnownFileType = sourcecode.swift; path = AppDelegate.swift; sourceTree = "<group>"; };
		CF239B0C268D43010078BC9A /* SceneDelegate.swift */ = {isa = PBXFileReference; lastKnownFileType = sourcecode.swift; path = SceneDelegate.swift; sourceTree = "<group>"; };
		CF239B0E268D43010078BC9A /* ViewController.swift */ = {isa = PBXFileReference; lastKnownFileType = sourcecode.swift; path = ViewController.swift; sourceTree = "<group>"; };
		CF239B11268D43010078BC9A /* Base */ = {isa = PBXFileReference; lastKnownFileType = file.storyboard; name = Base; path = Base.lproj/Main.storyboard; sourceTree = "<group>"; };
		CF239B13268D43040078BC9A /* Assets.xcassets */ = {isa = PBXFileReference; lastKnownFileType = folder.assetcatalog; path = Assets.xcassets; sourceTree = "<group>"; };
		CF239B16268D43040078BC9A /* Base */ = {isa = PBXFileReference; lastKnownFileType = file.storyboard; name = Base; path = Base.lproj/LaunchScreen.storyboard; sourceTree = "<group>"; };
		CF239B18268D43040078BC9A /* Info.plist */ = {isa = PBXFileReference; lastKnownFileType = text.plist.xml; path = Info.plist; sourceTree = "<group>"; };
		CF239B1D268D43040078BC9A /* RestaurantAppTests.xctest */ = {isa = PBXFileReference; explicitFileType = wrapper.cfbundle; includeInIndex = 0; path = RestaurantAppTests.xctest; sourceTree = BUILT_PRODUCTS_DIR; };
		CF239B21268D43040078BC9A /* RestaurantAppTests.swift */ = {isa = PBXFileReference; lastKnownFileType = sourcecode.swift; path = RestaurantAppTests.swift; sourceTree = "<group>"; };
		CF239B23268D43040078BC9A /* Info.plist */ = {isa = PBXFileReference; lastKnownFileType = text.plist.xml; path = Info.plist; sourceTree = "<group>"; };
		CF239B28268D43050078BC9A /* RestaurantAppUITests.xctest */ = {isa = PBXFileReference; explicitFileType = wrapper.cfbundle; includeInIndex = 0; path = RestaurantAppUITests.xctest; sourceTree = BUILT_PRODUCTS_DIR; };
		CF239B2C268D43050078BC9A /* RestaurantAppUITests.swift */ = {isa = PBXFileReference; lastKnownFileType = sourcecode.swift; path = RestaurantAppUITests.swift; sourceTree = "<group>"; };
		CF239B2E268D43050078BC9A /* Info.plist */ = {isa = PBXFileReference; lastKnownFileType = text.plist.xml; path = Info.plist; sourceTree = "<group>"; };
/* End PBXFileReference section */

/* Begin PBXFrameworksBuildPhase section */
		CF239B04268D43010078BC9A /* Frameworks */ = {
			isa = PBXFrameworksBuildPhase;
			buildActionMask = 2147483647;
			files = (
			);
			runOnlyForDeploymentPostprocessing = 0;
		};
		CF239B1A268D43040078BC9A /* Frameworks */ = {
			isa = PBXFrameworksBuildPhase;
			buildActionMask = 2147483647;
			files = (
			);
			runOnlyForDeploymentPostprocessing = 0;
		};
		CF239B25268D43050078BC9A /* Frameworks */ = {
			isa = PBXFrameworksBuildPhase;
			buildActionMask = 2147483647;
			files = (
			);
			runOnlyForDeploymentPostprocessing = 0;
		};
/* End PBXFrameworksBuildPhase section */

/* Begin PBXGroup section */
		CF239AFE268D43010078BC9A = {
			isa = PBXGroup;
			children = (
				CF239B09268D43010078BC9A /* RestaurantApp */,
				CF239B20268D43040078BC9A /* RestaurantAppTests */,
				CF239B2B268D43050078BC9A /* RestaurantAppUITests */,
				CF239B08268D43010078BC9A /* Products */,
			);
			sourceTree = "<group>";
		};
		CF239B08268D43010078BC9A /* Products */ = {
			isa = PBXGroup;
			children = (
				CF239B07268D43010078BC9A /* RestaurantApp.app */,
				CF239B1D268D43040078BC9A /* RestaurantAppTests.xctest */,
				CF239B28268D43050078BC9A /* RestaurantAppUITests.xctest */,
			);
			name = Products;
			sourceTree = "<group>";
		};
		CF239B09268D43010078BC9A /* RestaurantApp */ = {
			isa = PBXGroup;
			children = (
				CF239B0A268D43010078BC9A /* AppDelegate.swift */,
				CF239B0C268D43010078BC9A /* SceneDelegate.swift */,
				CF239B0E268D43010078BC9A /* ViewController.swift */,
				CF239B10268D43010078BC9A /* Main.storyboard */,
				CF239B13268D43040078BC9A /* Assets.xcassets */,
				CF239B15268D43040078BC9A /* LaunchScreen.storyboard */,
				CF239B18268D43040078BC9A /* Info.plist */,
			);
			path = RestaurantApp;
			sourceTree = "<group>";
		};
		CF239B20268D43040078BC9A /* RestaurantAppTests */ = {
			isa = PBXGroup;
			children = (
				CF239B21268D43040078BC9A /* RestaurantAppTests.swift */,
				CF239B23268D43040078BC9A /* Info.plist */,
			);
			path = RestaurantAppTests;
			sourceTree = "<group>";
		};
		CF239B2B268D43050078BC9A /* RestaurantAppUITests */ = {
			isa = PBXGroup;
			children = (
				CF239B2C268D43050078BC9A /* RestaurantAppUITests.swift */,
				CF239B2E268D43050078BC9A /* Info.plist */,
			);
			path = RestaurantAppUITests;
			sourceTree = "<group>";
		};
/* End PBXGroup section */

/* Begin PBXNativeTarget section */
		CF239B06268D43010078BC9A /* RestaurantApp */ = {
			isa = PBXNativeTarget;
			buildConfigurationList = CF239B31268D43050078BC9A /* Build configuration list for PBXNativeTarget "RestaurantApp" */;
			buildPhases = (
				CF239B03268D43010078BC9A /* Sources */,
				CF239B04268D43010078BC9A /* Frameworks */,
				CF239B05268D43010078BC9A /* Resources */,
			);
			buildRules = (
			);
			dependencies = (
			);
			name = RestaurantApp;
			productName = RestaurantApp;
			productReference = CF239B07268D43010078BC9A /* RestaurantApp.app */;
			productType = "com.apple.product-type.application";
		};
		CF239B1C268D43040078BC9A /* RestaurantAppTests */ = {
			isa = PBXNativeTarget;
			buildConfigurationList = CF239B34268D43050078BC9A /* Build configuration list for PBXNativeTarget "RestaurantAppTests" */;
			buildPhases = (
				CF239B19268D43040078BC9A /* Sources */,
				CF239B1A268D43040078BC9A /* Frameworks */,
				CF239B1B268D43040078BC9A /* Resources */,
			);
			buildRules = (
			);
			dependencies = (
				CF239B1F268D43040078BC9A /* PBXTargetDependency */,
			);
			name = RestaurantAppTests;
			productName = RestaurantAppTests;
			productReference = CF239B1D268D43040078BC9A /* RestaurantAppTests.xctest */;
			productType = "com.apple.product-type.bundle.unit-test";
		};
		CF239B27268D43050078BC9A /* RestaurantAppUITests */ = {
			isa = PBXNativeTarget;
			buildConfigurationList = CF239B37268D43050078BC9A /* Build configuration list for PBXNativeTarget "RestaurantAppUITests" */;
			buildPhases = (
				CF239B24268D43050078BC9A /* Sources */,
				CF239B25268D43050078BC9A /* Frameworks */,
				CF239B26268D43050078BC9A /* Resources */,
			);
			buildRules = (
			);
			dependencies = (
				CF239B2A268D43050078BC9A /* PBXTargetDependency */,
			);
			name = RestaurantAppUITests;
			productName = RestaurantAppUITests;
			productReference = CF239B28268D43050078BC9A /* RestaurantAppUITests.xctest */;
			productType = "com.apple.product-type.bundle.ui-testing";
		};
/* End PBXNativeTarget section */

/* Begin PBXProject section */
		CF239AFF268D43010078BC9A /* Project object */ = {
			isa = PBXProject;
			attributes = {
				LastSwiftUpdateCheck = 1200;
				LastUpgradeCheck = 1200;
				TargetAttributes = {
					CF239B06268D43010078BC9A = {
						CreatedOnToolsVersion = 12.0;
					};
					CF239B1C268D43040078BC9A = {
						CreatedOnToolsVersion = 12.0;
						TestTargetID = CF239B06268D43010078BC9A;
					};
					CF239B27268D43050078BC9A = {
						CreatedOnToolsVersion = 12.0;
						TestTargetID = CF239B06268D43010078BC9A;
					};
				};
			};
			buildConfigurationList = CF239B02268D43010078BC9A /* Build configuration list for PBXProject "RestaurantApp" */;
			compatibilityVersion = "Xcode 9.3";
			developmentRegion = en;
			hasScannedForEncodings = 0;
			knownRegions = (
				en,
				Base,
			);
			mainGroup = CF239AFE268D43010078BC9A;
			productRefGroup = CF239B08268D43010078BC9A /* Products */;
			projectDirPath = "";
			projectRoot = "";
			targets = (
				CF239B06268D43010078BC9A /* RestaurantApp */,
				CF239B1C268D43040078BC9A /* RestaurantAppTests */,
				CF239B27268D43050078BC9A /* RestaurantAppUITests */,
			);
		};
/* End PBXProject section */

/* Begin PBXResourcesBuildPhase section */
		CF239B05268D43010078BC9A /* Resources */ = {
			isa = PBXResourcesBuildPhase;
			buildActionMask = 2147483647;
			files = (
				CF239B17268D43040078BC9A /* LaunchScreen.storyboard in Resources */,
				CF239B14268D43040078BC9A /* Assets.xcassets in Resources */,
				CF239B12268D43010078BC9A /* Main.storyboard in Resources */,
			);
			runOnlyForDeploymentPostprocessing = 0;
		};
		CF239B1B268D43040078BC9A /* Resources */ = {
			isa = PBXResourcesBuildPhase;
			buildActionMask = 2147483647;
			files = (
			);
			runOnlyForDeploymentPostprocessing = 0;
		};
		CF239B26268D43050078BC9A /* Resources */ = {
			isa = PBXResourcesBuildPhase;
			buildActionMask = 2147483647;
			files = (
			);
			runOnlyForDeploymentPostprocessing = 0;
		};
/* End PBXResourcesBuildPhase section */

/* Begin PBXSourcesBuildPhase section */
		CF239B03268D43010078BC9A /* Sources */ = {
			isa = PBXSourcesBuildPhase;
			buildActionMask = 2147483647;
			files = (
				CF239B0F268D43010078BC9A /* ViewController.swift in Sources */,
				CF239B0B268D43010078BC9A /* AppDelegate.swift in Sources */,
				CF239B0D268D43010078BC9A /* SceneDelegate.swift in Sources */,
			);
			runOnlyForDeploymentPostprocessing = 0;
		};
		CF239B19268D43040078BC9A /* Sources */ = {
			isa = PBXSourcesBuildPhase;
			buildActionMask = 2147483647;
			files = (
				CF239B22268D43040078BC9A /* RestaurantAppTests.swift in Sources */,
			);
			runOnlyForDeploymentPostprocessing = 0;
		};
		CF239B24268D43050078BC9A /* Sources */ = {
			isa = PBXSourcesBuildPhase;
			buildActionMask = 2147483647;
			files = (
				CF239B2D268D43050078BC9A /* RestaurantAppUITests.swift in Sources */,
			);
			runOnlyForDeploymentPostprocessing = 0;
		};
/* End PBXSourcesBuildPhase section */

/* Begin PBXTargetDependency section */
		CF239B1F268D43040078BC9A /* PBXTargetDependency */ = {
			isa = PBXTargetDependency;
			target = CF239B06268D43010078BC9A /* RestaurantApp */;
			targetProxy = CF239B1E268D43040078BC9A /* PBXContainerItemProxy */;
		};
		CF239B2A268D43050078BC9A /* PBXTargetDependency */ = {
			isa = PBXTargetDependency;
			target = CF239B06268D43010078BC9A /* RestaurantApp */;
			targetProxy = CF239B29268D43050078BC9A /* PBXContainerItemProxy */;
		};
/* End PBXTargetDependency section */

/* Begin PBXVariantGroup section */
		CF239B10268D43010078BC9A /* Main.storyboard */ = {
			isa = PBXVariantGroup;
			children = (
				CF239B11268D43010078BC9A /* Base */,
			);
			name = Main.storyboard;
			sourceTree = "<group>";
		};
		CF239B15268D43040078BC9A /* LaunchScreen.storyboard */ = {
			isa = PBXVariantGroup;
			children = (
				CF239B16268D43040078BC9A /* Base */,
			);
			name = LaunchScreen.storyboard;
			sourceTree = "<group>";
		};
/* End PBXVariantGroup section */

/* Begin XCBuildConfiguration section */
		CF239B2F268D43050078BC9A /* Debug */ = {
			isa = XCBuildConfiguration;
			buildSettings = {
				ALWAYS_SEARCH_USER_PATHS = NO;
				CLANG_ANALYZER_NONNULL = YES;
				CLANG_ANALYZER_NUMBER_OBJECT_CONVERSION = YES_AGGRESSIVE;
				CLANG_CXX_LANGUAGE_STANDARD = "gnu++14";
				CLANG_CXX_LIBRARY = "libc++";
				CLANG_ENABLE_MODULES = YES;
				CLANG_ENABLE_OBJC_ARC = YES;
				CLANG_ENABLE_OBJC_WEAK = YES;
				CLANG_WARN_BLOCK_CAPTURE_AUTORELEASING = YES;
				CLANG_WARN_BOOL_CONVERSION = YES;
				CLANG_WARN_COMMA = YES;
				CLANG_WARN_CONSTANT_CONVERSION = YES;
				CLANG_WARN_DEPRECATED_OBJC_IMPLEMENTATIONS = YES;
				CLANG_WARN_DIRECT_OBJC_ISA_USAGE = YES_ERROR;
				CLANG_WARN_DOCUMENTATION_COMMENTS = YES;
				CLANG_WARN_EMPTY_BODY = YES;
				CLANG_WARN_ENUM_CONVERSION = YES;
				CLANG_WARN_INFINITE_RECURSION = YES;
				CLANG_WARN_INT_CONVERSION = YES;
				CLANG_WARN_NON_LITERAL_NULL_CONVERSION = YES;
				CLANG_WARN_OBJC_IMPLICIT_RETAIN_SELF = YES;
				CLANG_WARN_OBJC_LITERAL_CONVERSION = YES;
				CLANG_WARN_OBJC_ROOT_CLASS = YES_ERROR;
				CLANG_WARN_QUOTED_INCLUDE_IN_FRAMEWORK_HEADER = YES;
				CLANG_WARN_RANGE_LOOP_ANALYSIS = YES;
				CLANG_WARN_STRICT_PROTOTYPES = YES;
				CLANG_WARN_SUSPICIOUS_MOVE = YES;
				CLANG_WARN_UNGUARDED_AVAILABILITY = YES_AGGRESSIVE;
				CLANG_WARN_UNREACHABLE_CODE = YES;
				CLANG_WARN__DUPLICATE_METHOD_MATCH = YES;
				COPY_PHASE_STRIP = NO;
				DEBUG_INFORMATION_FORMAT = dwarf;
				ENABLE_STRICT_OBJC_MSGSEND = YES;
				ENABLE_TESTABILITY = YES;
				GCC_C_LANGUAGE_STANDARD = gnu11;
				GCC_DYNAMIC_NO_PIC = NO;
				GCC_NO_COMMON_BLOCKS = YES;
				GCC_OPTIMIZATION_LEVEL = 0;
				GCC_PREPROCESSOR_DEFINITIONS = (
					"DEBUG=1",
					"$(inherited)",
				);
				GCC_WARN_64_TO_32_BIT_CONVERSION = YES;
				GCC_WARN_ABOUT_RETURN_TYPE = YES_ERROR;
				GCC_WARN_UNDECLARED_SELECTOR = YES;
				GCC_WARN_UNINITIALIZED_AUTOS = YES_AGGRESSIVE;
				GCC_WARN_UNUSED_FUNCTION = YES;
				GCC_WARN_UNUSED_VARIABLE = YES;
				IPHONEOS_DEPLOYMENT_TARGET = 14.0;
				MTL_ENABLE_DEBUG_INFO = INCLUDE_SOURCE;
				MTL_FAST_MATH = YES;
				ONLY_ACTIVE_ARCH = YES;
				SDKROOT = iphoneos;
				SWIFT_ACTIVE_COMPILATION_CONDITIONS = DEBUG;
				SWIFT_OPTIMIZATION_LEVEL = "-Onone";
			};
			name = Debug;
		};
		CF239B30268D43050078BC9A /* Release */ = {
			isa = XCBuildConfiguration;
			buildSettings = {
				ALWAYS_SEARCH_USER_PATHS = NO;
				CLANG_ANALYZER_NONNULL = YES;
				CLANG_ANALYZER_NUMBER_OBJECT_CONVERSION = YES_AGGRESSIVE;
				CLANG_CXX_LANGUAGE_STANDARD = "gnu++14";
				CLANG_CXX_LIBRARY = "libc++";
				CLANG_ENABLE_MODULES = YES;
				CLANG_ENABLE_OBJC_ARC = YES;
				CLANG_ENABLE_OBJC_WEAK = YES;
				CLANG_WARN_BLOCK_CAPTURE_AUTORELEASING = YES;
				CLANG_WARN_BOOL_CONVERSION = YES;
				CLANG_WARN_COMMA = YES;
				CLANG_WARN_CONSTANT_CONVERSION = YES;
				CLANG_WARN_DEPRECATED_OBJC_IMPLEMENTATIONS = YES;
				CLANG_WARN_DIRECT_OBJC_ISA_USAGE = YES_ERROR;
				CLANG_WARN_DOCUMENTATION_COMMENTS = YES;
				CLANG_WARN_EMPTY_BODY = YES;
				CLANG_WARN_ENUM_CONVERSION = YES;
				CLANG_WARN_INFINITE_RECURSION = YES;
				CLANG_WARN_INT_CONVERSION = YES;
				CLANG_WARN_NON_LITERAL_NULL_CONVERSION = YES;
				CLANG_WARN_OBJC_IMPLICIT_RETAIN_SELF = YES;
				CLANG_WARN_OBJC_LITERAL_CONVERSION = YES;
				CLANG_WARN_OBJC_ROOT_CLASS = YES_ERROR;
				CLANG_WARN_QUOTED_INCLUDE_IN_FRAMEWORK_HEADER = YES;
				CLANG_WARN_RANGE_LOOP_ANALYSIS = YES;
				CLANG_WARN_STRICT_PROTOTYPES = YES;
				CLANG_WARN_SUSPICIOUS_MOVE = YES;
				CLANG_WARN_UNGUARDED_AVAILABILITY = YES_AGGRESSIVE;
				CLANG_WARN_UNREACHABLE_CODE = YES;
				CLANG_WARN__DUPLICATE_METHOD_MATCH = YES;
				COPY_PHASE_STRIP = NO;
				DEBUG_INFORMATION_FORMAT = "dwarf-with-dsym";
				ENABLE_NS_ASSERTIONS = NO;
				ENABLE_STRICT_OBJC_MSGSEND = YES;
				GCC_C_LANGUAGE_STANDARD = gnu11;
				GCC_NO_COMMON_BLOCKS = YES;
				GCC_WARN_64_TO_32_BIT_CONVERSION = YES;
				GCC_WARN_ABOUT_RETURN_TYPE = YES_ERROR;
				GCC_WARN_UNDECLARED_SELECTOR = YES;
				GCC_WARN_UNINITIALIZED_AUTOS = YES_AGGRESSIVE;
				GCC_WARN_UNUSED_FUNCTION = YES;
				GCC_WARN_UNUSED_VARIABLE = YES;
				IPHONEOS_DEPLOYMENT_TARGET = 14.0;
				MTL_ENABLE_DEBUG_INFO = NO;
				MTL_FAST_MATH = YES;
				SDKROOT = iphoneos;
				SWIFT_COMPILATION_MODE = wholemodule;
				SWIFT_OPTIMIZATION_LEVEL = "-O";
				VALIDATE_PRODUCT = YES;
			};
			name = Release;
		};
		CF239B32268D43050078BC9A /* Debug */ = {
			isa = XCBuildConfiguration;
			buildSettings = {
				ASSETCATALOG_COMPILER_APPICON_NAME = AppIcon;
				ASSETCATALOG_COMPILER_GLOBAL_ACCENT_COLOR_NAME = AccentColor;
				CODE_SIGN_STYLE = Automatic;
				INFOPLIST_FILE = RestaurantApp/Info.plist;
				LD_RUNPATH_SEARCH_PATHS = (
					"$(inherited)",
					"@executable_path/Frameworks",
				);
				PRODUCT_BUNDLE_IDENTIFIER = sstudio.RestaurantApp;
				PRODUCT_NAME = "$(TARGET_NAME)";
				SWIFT_VERSION = 5.0;
				TARGETED_DEVICE_FAMILY = "1,2";
			};
			name = Debug;
		};
		CF239B33268D43050078BC9A /* Release */ = {
			isa = XCBuildConfiguration;
			buildSettings = {
				ASSETCATALOG_COMPILER_APPICON_NAME = AppIcon;
				ASSETCATALOG_COMPILER_GLOBAL_ACCENT_COLOR_NAME = AccentColor;
				CODE_SIGN_STYLE = Automatic;
				INFOPLIST_FILE = RestaurantApp/Info.plist;
				LD_RUNPATH_SEARCH_PATHS = (
					"$(inherited)",
					"@executable_path/Frameworks",
				);
				PRODUCT_BUNDLE_IDENTIFIER = sstudio.RestaurantApp;
				PRODUCT_NAME = "$(TARGET_NAME)";
				SWIFT_VERSION = 5.0;
				TARGETED_DEVICE_FAMILY = "1,2";
			};
			name = Release;
		};
		CF239B35268D43050078BC9A /* Debug */ = {
			isa = XCBuildConfiguration;
			buildSettings = {
				ALWAYS_EMBED_SWIFT_STANDARD_LIBRARIES = YES;
				BUNDLE_LOADER = "$(TEST_HOST)";
				CODE_SIGN_STYLE = Automatic;
				INFOPLIST_FILE = RestaurantAppTests/Info.plist;
				IPHONEOS_DEPLOYMENT_TARGET = 14.0;
				LD_RUNPATH_SEARCH_PATHS = (
					"$(inherited)",
					"@executable_path/Frameworks",
					"@loader_path/Frameworks",
				);
				PRODUCT_BUNDLE_IDENTIFIER = sstudio.RestaurantAppTests;
				PRODUCT_NAME = "$(TARGET_NAME)";
				SWIFT_VERSION = 5.0;
				TARGETED_DEVICE_FAMILY = "1,2";
				TEST_HOST = "$(BUILT_PRODUCTS_DIR)/RestaurantApp.app/RestaurantApp";
			};
			name = Debug;
		};
		CF239B36268D43050078BC9A /* Release */ = {
			isa = XCBuildConfiguration;
			buildSettings = {
				ALWAYS_EMBED_SWIFT_STANDARD_LIBRARIES = YES;
				BUNDLE_LOADER = "$(TEST_HOST)";
				CODE_SIGN_STYLE = Automatic;
				INFOPLIST_FILE = RestaurantAppTests/Info.plist;
				IPHONEOS_DEPLOYMENT_TARGET = 14.0;
				LD_RUNPATH_SEARCH_PATHS = (
					"$(inherited)",
					"@executable_path/Frameworks",
					"@loader_path/Frameworks",
				);
				PRODUCT_BUNDLE_IDENTIFIER = sstudio.RestaurantAppTests;
				PRODUCT_NAME = "$(TARGET_NAME)";
				SWIFT_VERSION = 5.0;
				TARGETED_DEVICE_FAMILY = "1,2";
				TEST_HOST = "$(BUILT_PRODUCTS_DIR)/RestaurantApp.app/RestaurantApp";
			};
			name = Release;
		};
		CF239B38268D43050078BC9A /* Debug */ = {
			isa = XCBuildConfiguration;
			buildSettings = {
				ALWAYS_EMBED_SWIFT_STANDARD_LIBRARIES = YES;
				CODE_SIGN_STYLE = Automatic;
				INFOPLIST_FILE = RestaurantAppUITests/Info.plist;
				LD_RUNPATH_SEARCH_PATHS = (
					"$(inherited)",
					"@executable_path/Frameworks",
					"@loader_path/Frameworks",
				);
				PRODUCT_BUNDLE_IDENTIFIER = sstudio.RestaurantAppUITests;
				PRODUCT_NAME = "$(TARGET_NAME)";
				SWIFT_VERSION = 5.0;
				TARGETED_DEVICE_FAMILY = "1,2";
				TEST_TARGET_NAME = RestaurantApp;
			};
			name = Debug;
		};
		CF239B39268D43050078BC9A /* Release */ = {
			isa = XCBuildConfiguration;
			buildSettings = {
				ALWAYS_EMBED_SWIFT_STANDARD_LIBRARIES = YES;
				CODE_SIGN_STYLE = Automatic;
				INFOPLIST_FILE = RestaurantAppUITests/Info.plist;
				LD_RUNPATH_SEARCH_PATHS = (
					"$(inherited)",
					"@executable_path/Frameworks",
					"@loader_path/Frameworks",
				);
				PRODUCT_BUNDLE_IDENTIFIER = sstudio.RestaurantAppUITests;
				PRODUCT_NAME = "$(TARGET_NAME)";
				SWIFT_VERSION = 5.0;
				TARGETED_DEVICE_FAMILY = "1,2";
				TEST_TARGET_NAME = RestaurantApp;
			};
			name = Release;
		};
/* End XCBuildConfiguration section */

/* Begin XCConfigurationList section */
		CF239B02268D43010078BC9A /* Build configuration list for PBXProject "RestaurantApp" */ = {
			isa = XCConfigurationList;
			buildConfigurations = (
				CF239B2F268D43050078BC9A /* Debug */,
				CF239B30268D43050078BC9A /* Release */,
			);
			defaultConfigurationIsVisible = 0;
			defaultConfigurationName = Release;
		};
		CF239B31268D43050078BC9A /* Build configuration list for PBXNativeTarget "RestaurantApp" */ = {
			isa = XCConfigurationList;
			buildConfigurations = (
				CF239B32268D43050078BC9A /* Debug */,
				CF239B33268D43050078BC9A /* Release */,
			);
			defaultConfigurationIsVisible = 0;
			defaultConfigurationName = Release;
		};
		CF239B34268D43050078BC9A /* Build configuration list for PBXNativeTarget "RestaurantAppTests" */ = {
			isa = XCConfigurationList;
			buildConfigurations = (
				CF239B35268D43050078BC9A /* Debug */,
				CF239B36268D43050078BC9A /* Release */,
			);
			defaultConfigurationIsVisible = 0;
			defaultConfigurationName = Release;
		};
		CF239B37268D43050078BC9A /* Build configuration list for PBXNativeTarget "RestaurantAppUITests" */ = {
			isa = XCConfigurationList;
			buildConfigurations = (
				CF239B38268D43050078BC9A /* Debug */,
				CF239B39268D43050078BC9A /* Release */,
			);
			defaultConfigurationIsVisible = 0;
			defaultConfigurationName = Release;
		};
/* End XCConfigurationList section */
	};
	rootObject = CF239AFF268D43010078BC9A /* Project object */;
}
